{
  "name": "vscode-i18n-core",
  "version": "1.0.0",
  "lockfileVersion": 1,
  "requires": true,
  "dependencies": {
    "@types/flat": {
      "version": "5.0.1",
      "resolved": "https://registry.npmjs.org/@types/flat/-/flat-5.0.1.tgz",
      "integrity": "sha512-ykRODHi9G9exJdTZvQggsqCUtB7jqiwLHcXCjNMb7zgWx6Lc2bydIUYBG1+It6VXZVFaeROv6HqPjDCAsoPG3w==",
      "dev": true
    },
    "flat": {
      "version": "5.0.2",
      "resolved": "https://registry.npmjs.org/flat/-/flat-5.0.2.tgz",
      "integrity": "sha512-b6suED+5/3rTpUBdG1gupIl8MPFCAMA0QXwmljLhvCUKcUvdE4gWky9zpuGCcXHOsz4J9wPGNWq6OKpmIzz3hQ=="
    }
  }
}
